// !$*UTF8*$!
{
	archiveVersion = 1;
	classes = {
	};
	objectVersion = 50;
	objects = {

/* Begin PBXBuildFile section */
		AD5A37FF26413FF400DC19E0 /* Storyboard.storyboard in Resources */ = {isa = PBXBuildFile; fileRef = AD5A37FE26413FF400DC19E0 /* Storyboard.storyboard */; };
		AD87CDA026413D0900138478 /* tarotApp.swift in Sources */ = {isa = PBXBuildFile; fileRef = AD87CD9F26413D0900138478 /* tarotApp.swift */; };
		AD87CDA226413D0900138478 /* ContentView.swift in Sources */ = {isa = PBXBuildFile; fileRef = AD87CDA126413D0900138478 /* ContentView.swift */; };
		AD87CDA426413D1000138478 /* Assets.xcassets in Resources */ = {isa = PBXBuildFile; fileRef = AD87CDA326413D1000138478 /* Assets.xcassets */; };
		AD87CDA726413D1000138478 /* Preview Assets.xcassets in Resources */ = {isa = PBXBuildFile; fileRef = AD87CDA626413D1000138478 /* Preview Assets.xcassets */; };
		AD87CDB226413D1000138478 /* tarotTests.swift in Sources */ = {isa = PBXBuildFile; fileRef = AD87CDB126413D1000138478 /* tarotTests.swift */; };
		AD87CDBD26413D1100138478 /* tarotUITests.swift in Sources */ = {isa = PBXBuildFile; fileRef = AD87CDBC26413D1100138478 /* tarotUITests.swift */; };
/* End PBXBuildFile section */

/* Begin PBXContainerItemProxy section */
		AD87CDAE26413D1000138478 /* PBXContainerItemProxy */ = {
			isa = PBXContainerItemProxy;
			containerPortal = AD87CD9426413D0900138478 /* Project object */;
			proxyType = 1;
			remoteGlobalIDString = AD87CD9B26413D0900138478;
			remoteInfo = tarot;
		};
		AD87CDB926413D1100138478 /* PBXContainerItemProxy */ = {
			isa = PBXContainerItemProxy;
			containerPortal = AD87CD9426413D0900138478 /* Project object */;
			proxyType = 1;
			remoteGlobalIDString = AD87CD9B26413D0900138478;
			remoteInfo = tarot;
		};
/* End PBXContainerItemProxy section */

/* Begin PBXFileReference section */
		AD5A37FE26413FF400DC19E0 /* Storyboard.storyboard */ = {isa = PBXFileReference; lastKnownFileType = file.storyboard; path = Storyboard.storyboard; sourceTree = "<group>"; };
		AD87CD9C26413D0900138478 /* tarot.app */ = {isa = PBXFileReference; explicitFileType = wrapper.application; includeInIndex = 0; path = tarot.app; sourceTree = BUILT_PRODUCTS_DIR; };
		AD87CD9F26413D0900138478 /* tarotApp.swift */ = {isa = PBXFileReference; lastKnownFileType = sourcecode.swift; path = tarotApp.swift; sourceTree = "<group>"; };
		AD87CDA126413D0900138478 /* ContentView.swift */ = {isa = PBXFileReference; lastKnownFileType = sourcecode.swift; path = ContentView.swift; sourceTree = "<group>"; };
		AD87CDA326413D1000138478 /* Assets.xcassets */ = {isa = PBXFileReference; lastKnownFileType = folder.assetcatalog; path = Assets.xcassets; sourceTree = "<group>"; };
		AD87CDA626413D1000138478 /* Preview Assets.xcassets */ = {isa = PBXFileReference; lastKnownFileType = folder.assetcatalog; path = "Preview Assets.xcassets"; sourceTree = "<group>"; };
		AD87CDA826413D1000138478 /* Info.plist */ = {isa = PBXFileReference; lastKnownFileType = text.plist.xml; path = Info.plist; sourceTree = "<group>"; };
		AD87CDAD26413D1000138478 /* tarotTests.xctest */ = {isa = PBXFileReference; explicitFileType = wrapper.cfbundle; includeInIndex = 0; path = tarotTests.xctest; sourceTree = BUILT_PRODUCTS_DIR; };
		AD87CDB126413D1000138478 /* tarotTests.swift */ = {isa = PBXFileReference; lastKnownFileType = sourcecode.swift; path = tarotTests.swift; sourceTree = "<group>"; };
		AD87CDB326413D1000138478 /* Info.plist */ = {isa = PBXFileReference; lastKnownFileType = text.plist.xml; path = Info.plist; sourceTree = "<group>"; };
		AD87CDB826413D1100138478 /* tarotUITests.xctest */ = {isa = PBXFileReference; explicitFileType = wrapper.cfbundle; includeInIndex = 0; path = tarotUITests.xctest; sourceTree = BUILT_PRODUCTS_DIR; };
		AD87CDBC26413D1100138478 /* tarotUITests.swift */ = {isa = PBXFileReference; lastKnownFileType = sourcecode.swift; path = tarotUITests.swift; sourceTree = "<group>"; };
		AD87CDBE26413D1100138478 /* Info.plist */ = {isa = PBXFileReference; lastKnownFileType = text.plist.xml; path = Info.plist; sourceTree = "<group>"; };
/* End PBXFileReference section */

/* Begin PBXFrameworksBuildPhase section */
		AD87CD9926413D0900138478 /* Frameworks */ = {
			isa = PBXFrameworksBuildPhase;
			buildActionMask = 2147483647;
			files = (
			);
			runOnlyForDeploymentPostprocessing = 0;
		};
		AD87CDAA26413D1000138478 /* Frameworks */ = {
			isa = PBXFrameworksBuildPhase;
			buildActionMask = 2147483647;
			files = (
			);
			runOnlyForDeploymentPostprocessing = 0;
		};
		AD87CDB526413D1100138478 /* Frameworks */ = {
			isa = PBXFrameworksBuildPhase;
			buildActionMask = 2147483647;
			files = (
			);
			runOnlyForDeploymentPostprocessing = 0;
		};
/* End PBXFrameworksBuildPhase section */

/* Begin PBXGroup section */
		AD87CD9326413D0900138478 = {
			isa = PBXGroup;
			children = (
				AD87CD9E26413D0900138478 /* tarot */,
				AD87CDB026413D1000138478 /* tarotTests */,
				AD87CDBB26413D1100138478 /* tarotUITests */,
				AD87CD9D26413D0900138478 /* Products */,
			);
			sourceTree = "<group>";
		};
		AD87CD9D26413D0900138478 /* Products */ = {
			isa = PBXGroup;
			children = (
				AD87CD9C26413D0900138478 /* tarot.app */,
				AD87CDAD26413D1000138478 /* tarotTests.xctest */,
				AD87CDB826413D1100138478 /* tarotUITests.xctest */,
			);
			name = Products;
			sourceTree = "<group>";
		};
		AD87CD9E26413D0900138478 /* tarot */ = {
			isa = PBXGroup;
			children = (
				AD87CD9F26413D0900138478 /* tarotApp.swift */,
				AD87CDA126413D0900138478 /* ContentView.swift */,
				AD5A37FE26413FF400DC19E0 /* Storyboard.storyboard */,
				AD87CDA326413D1000138478 /* Assets.xcassets */,
				AD87CDA826413D1000138478 /* Info.plist */,
				AD87CDA526413D1000138478 /* Preview Content */,
			);
			path = tarot;
			sourceTree = "<group>";
		};
		AD87CDA526413D1000138478 /* Preview Content */ = {
			isa = PBXGroup;
			children = (
				AD87CDA626413D1000138478 /* Preview Assets.xcassets */,
			);
			path = "Preview Content";
			sourceTree = "<group>";
		};
		AD87CDB026413D1000138478 /* tarotTests */ = {
			isa = PBXGroup;
			children = (
				AD87CDB126413D1000138478 /* tarotTests.swift */,
				AD87CDB326413D1000138478 /* Info.plist */,
			);
			path = tarotTests;
			sourceTree = "<group>";
		};
		AD87CDBB26413D1100138478 /* tarotUITests */ = {
			isa = PBXGroup;
			children = (
				AD87CDBC26413D1100138478 /* tarotUITests.swift */,
				AD87CDBE26413D1100138478 /* Info.plist */,
			);
			path = tarotUITests;
			sourceTree = "<group>";
		};
/* End PBXGroup section */

/* Begin PBXNativeTarget section */
		AD87CD9B26413D0900138478 /* tarot */ = {
			isa = PBXNativeTarget;
			buildConfigurationList = AD87CDC126413D1100138478 /* Build configuration list for PBXNativeTarget "tarot" */;
			buildPhases = (
				AD87CD9826413D0900138478 /* Sources */,
				AD87CD9926413D0900138478 /* Frameworks */,
				AD87CD9A26413D0900138478 /* Resources */,
			);
			buildRules = (
			);
			dependencies = (
			);
			name = tarot;
			productName = tarot;
			productReference = AD87CD9C26413D0900138478 /* tarot.app */;
			productType = "com.apple.product-type.application";
		};
		AD87CDAC26413D1000138478 /* tarotTests */ = {
			isa = PBXNativeTarget;
			buildConfigurationList = AD87CDC426413D1100138478 /* Build configuration list for PBXNativeTarget "tarotTests" */;
			buildPhases = (
				AD87CDA926413D1000138478 /* Sources */,
				AD87CDAA26413D1000138478 /* Frameworks */,
				AD87CDAB26413D1000138478 /* Resources */,
			);
			buildRules = (
			);
			dependencies = (
				AD87CDAF26413D1000138478 /* PBXTargetDependency */,
			);
			name = tarotTests;
			productName = tarotTests;
			productReference = AD87CDAD26413D1000138478 /* tarotTests.xctest */;
			productType = "com.apple.product-type.bundle.unit-test";
		};
		AD87CDB726413D1100138478 /* tarotUITests */ = {
			isa = PBXNativeTarget;
			buildConfigurationList = AD87CDC726413D1100138478 /* Build configuration list for PBXNativeTarget "tarotUITests" */;
			buildPhases = (
				AD87CDB426413D1100138478 /* Sources */,
				AD87CDB526413D1100138478 /* Frameworks */,
				AD87CDB626413D1100138478 /* Resources */,
			);
			buildRules = (
			);
			dependencies = (
				AD87CDBA26413D1100138478 /* PBXTargetDependency */,
			);
			name = tarotUITests;
			productName = tarotUITests;
			productReference = AD87CDB826413D1100138478 /* tarotUITests.xctest */;
			productType = "com.apple.product-type.bundle.ui-testing";
		};
/* End PBXNativeTarget section */

/* Begin PBXProject section */
		AD87CD9426413D0900138478 /* Project object */ = {
			isa = PBXProject;
			attributes = {
				LastSwiftUpdateCheck = 1250;
				LastUpgradeCheck = 1250;
				TargetAttributes = {
					AD87CD9B26413D0900138478 = {
						CreatedOnToolsVersion = 12.5;
					};
					AD87CDAC26413D1000138478 = {
						CreatedOnToolsVersion = 12.5;
						TestTargetID = AD87CD9B26413D0900138478;
					};
					AD87CDB726413D1100138478 = {
						CreatedOnToolsVersion = 12.5;
						TestTargetID = AD87CD9B26413D0900138478;
					};
				};
			};
			buildConfigurationList = AD87CD9726413D0900138478 /* Build configuration list for PBXProject "tarot" */;
			compatibilityVersion = "Xcode 9.3";
			developmentRegion = en;
			hasScannedForEncodings = 0;
			knownRegions = (
				en,
				Base,
			);
			mainGroup = AD87CD9326413D0900138478;
			productRefGroup = AD87CD9D26413D0900138478 /* Products */;
			projectDirPath = "";
			projectRoot = "";
			targets = (
				AD87CD9B26413D0900138478 /* tarot */,
				AD87CDAC26413D1000138478 /* tarotTests */,
				AD87CDB726413D1100138478 /* tarotUITests */,
			);
		};
/* End PBXProject section */

/* Begin PBXResourcesBuildPhase section */
		AD87CD9A26413D0900138478 /* Resources */ = {
			isa = PBXResourcesBuildPhase;
			buildActionMask = 2147483647;
			files = (
				AD87CDA726413D1000138478 /* Preview Assets.xcassets in Resources */,
				AD87CDA426413D1000138478 /* Assets.xcassets in Resources */,
				AD5A37FF26413FF400DC19E0 /* Storyboard.storyboard in Resources */,
			);
			runOnlyForDeploymentPostprocessing = 0;
		};
		AD87CDAB26413D1000138478 /* Resources */ = {
			isa = PBXResourcesBuildPhase;
			buildActionMask = 2147483647;
			files = (
			);
			runOnlyForDeploymentPostprocessing = 0;
		};
		AD87CDB626413D1100138478 /* Resources */ = {
			isa = PBXResourcesBuildPhase;
			buildActionMask = 2147483647;
			files = (
			);
			runOnlyForDeploymentPostprocessing = 0;
		};
/* End PBXResourcesBuildPhase section */

/* Begin PBXSourcesBuildPhase section */
		AD87CD9826413D0900138478 /* Sources */ = {
			isa = PBXSourcesBuildPhase;
			buildActionMask = 2147483647;
			files = (
				AD87CDA226413D0900138478 /* ContentView.swift in Sources */,
				AD87CDA026413D0900138478 /* tarotApp.swift in Sources */,
			);
			runOnlyForDeploymentPostprocessing = 0;
		};
		AD87CDA926413D1000138478 /* Sources */ = {
			isa = PBXSourcesBuildPhase;
			buildActionMask = 2147483647;
			files = (
				AD87CDB226413D1000138478 /* tarotTests.swift in Sources */,
			);
			runOnlyForDeploymentPostprocessing = 0;
		};
		AD87CDB426413D1100138478 /* Sources */ = {
			isa = PBXSourcesBuildPhase;
			buildActionMask = 2147483647;
			files = (
				AD87CDBD26413D1100138478 /* tarotUITests.swift in Sources */,
			);
			runOnlyForDeploymentPostprocessing = 0;
		};
/* End PBXSourcesBuildPhase section */

/* Begin PBXTargetDependency section */
		AD87CDAF26413D1000138478 /* PBXTargetDependency */ = {
			isa = PBXTargetDependency;
			target = AD87CD9B26413D0900138478 /* tarot */;
			targetProxy = AD87CDAE26413D1000138478 /* PBXContainerItemProxy */;
		};
		AD87CDBA26413D1100138478 /* PBXTargetDependency */ = {
			isa = PBXTargetDependency;
			target = AD87CD9B26413D0900138478 /* tarot */;
			targetProxy = AD87CDB926413D1100138478 /* PBXContainerItemProxy */;
		};
/* End PBXTargetDependency section */

/* Begin XCBuildConfiguration section */
		AD87CDBF26413D1100138478 /* Debug */ = {
			isa = XCBuildConfiguration;
			buildSettings = {
				ALWAYS_SEARCH_USER_PATHS = NO;
				CLANG_ANALYZER_NONNULL = YES;
				CLANG_ANALYZER_NUMBER_OBJECT_CONVERSION = YES_AGGRESSIVE;
				CLANG_CXX_LANGUAGE_STANDARD = "gnu++14";
				CLANG_CXX_LIBRARY = "libc++";
				CLANG_ENABLE_MODULES = YES;
				CLANG_ENABLE_OBJC_ARC = YES;
				CLANG_ENABLE_OBJC_WEAK = YES;
				CLANG_WARN_BLOCK_CAPTURE_AUTORELEASING = YES;
				CLANG_WARN_BOOL_CONVERSION = YES;
				CLANG_WARN_COMMA = YES;
				CLANG_WARN_CONSTANT_CONVERSION = YES;
				CLANG_WARN_DEPRECATED_OBJC_IMPLEMENTATIONS = YES;
				CLANG_WARN_DIRECT_OBJC_ISA_USAGE = YES_ERROR;
				CLANG_WARN_DOCUMENTATION_COMMENTS = YES;
				CLANG_WARN_EMPTY_BODY = YES;
				CLANG_WARN_ENUM_CONVERSION = YES;
				CLANG_WARN_INFINITE_RECURSION = YES;
				CLANG_WARN_INT_CONVERSION = YES;
				CLANG_WARN_NON_LITERAL_NULL_CONVERSION = YES;
				CLANG_WARN_OBJC_IMPLICIT_RETAIN_SELF = YES;
				CLANG_WARN_OBJC_LITERAL_CONVERSION = YES;
				CLANG_WARN_OBJC_ROOT_CLASS = YES_ERROR;
				CLANG_WARN_QUOTED_INCLUDE_IN_FRAMEWORK_HEADER = YES;
				CLANG_WARN_RANGE_LOOP_ANALYSIS = YES;
				CLANG_WARN_STRICT_PROTOTYPES = YES;
				CLANG_WARN_SUSPICIOUS_MOVE = YES;
				CLANG_WARN_UNGUARDED_AVAILABILITY = YES_AGGRESSIVE;
				CLANG_WARN_UNREACHABLE_CODE = YES;
				CLANG_WARN__DUPLICATE_METHOD_MATCH = YES;
				COPY_PHASE_STRIP = NO;
				DEBUG_INFORMATION_FORMAT = dwarf;
				ENABLE_STRICT_OBJC_MSGSEND = YES;
				ENABLE_TESTABILITY = YES;
				GCC_C_LANGUAGE_STANDARD = gnu11;
				GCC_DYNAMIC_NO_PIC = NO;
				GCC_NO_COMMON_BLOCKS = YES;
				GCC_OPTIMIZATION_LEVEL = 0;
				GCC_PREPROCESSOR_DEFINITIONS = (
					"DEBUG=1",
					"$(inherited)",
				);
				GCC_WARN_64_TO_32_BIT_CONVERSION = YES;
				GCC_WARN_ABOUT_RETURN_TYPE = YES_ERROR;
				GCC_WARN_UNDECLARED_SELECTOR = YES;
				GCC_WARN_UNINITIALIZED_AUTOS = YES_AGGRESSIVE;
				GCC_WARN_UNUSED_FUNCTION = YES;
				GCC_WARN_UNUSED_VARIABLE = YES;
				IPHONEOS_DEPLOYMENT_TARGET = 14.5;
				MTL_ENABLE_DEBUG_INFO = INCLUDE_SOURCE;
				MTL_FAST_MATH = YES;
				ONLY_ACTIVE_ARCH = YES;
				SDKROOT = iphoneos;
				SWIFT_ACTIVE_COMPILATION_CONDITIONS = DEBUG;
				SWIFT_OPTIMIZATION_LEVEL = "-Onone";
			};
			name = Debug;
		};
		AD87CDC026413D1100138478 /* Release */ = {
			isa = XCBuildConfiguration;
			buildSettings = {
				ALWAYS_SEARCH_USER_PATHS = NO;
				CLANG_ANALYZER_NONNULL = YES;
				CLANG_ANALYZER_NUMBER_OBJECT_CONVERSION = YES_AGGRESSIVE;
				CLANG_CXX_LANGUAGE_STANDARD = "gnu++14";
				CLANG_CXX_LIBRARY = "libc++";
				CLANG_ENABLE_MODULES = YES;
				CLANG_ENABLE_OBJC_ARC = YES;
				CLANG_ENABLE_OBJC_WEAK = YES;
				CLANG_WARN_BLOCK_CAPTURE_AUTORELEASING = YES;
				CLANG_WARN_BOOL_CONVERSION = YES;
				CLANG_WARN_COMMA = YES;
				CLANG_WARN_CONSTANT_CONVERSION = YES;
				CLANG_WARN_DEPRECATED_OBJC_IMPLEMENTATIONS = YES;
				CLANG_WARN_DIRECT_OBJC_ISA_USAGE = YES_ERROR;
				CLANG_WARN_DOCUMENTATION_COMMENTS = YES;
				CLANG_WARN_EMPTY_BODY = YES;
				CLANG_WARN_ENUM_CONVERSION = YES;
				CLANG_WARN_INFINITE_RECURSION = YES;
				CLANG_WARN_INT_CONVERSION = YES;
				CLANG_WARN_NON_LITERAL_NULL_CONVERSION = YES;
				CLANG_WARN_OBJC_IMPLICIT_RETAIN_SELF = YES;
				CLANG_WARN_OBJC_LITERAL_CONVERSION = YES;
				CLANG_WARN_OBJC_ROOT_CLASS = YES_ERROR;
				CLANG_WARN_QUOTED_INCLUDE_IN_FRAMEWORK_HEADER = YES;
				CLANG_WARN_RANGE_LOOP_ANALYSIS = YES;
				CLANG_WARN_STRICT_PROTOTYPES = YES;
				CLANG_WARN_SUSPICIOUS_MOVE = YES;
				CLANG_WARN_UNGUARDED_AVAILABILITY = YES_AGGRESSIVE;
				CLANG_WARN_UNREACHABLE_CODE = YES;
				CLANG_WARN__DUPLICATE_METHOD_MATCH = YES;
				COPY_PHASE_STRIP = NO;
				DEBUG_INFORMATION_FORMAT = "dwarf-with-dsym";
				ENABLE_NS_ASSERTIONS = NO;
				ENABLE_STRICT_OBJC_MSGSEND = YES;
				GCC_C_LANGUAGE_STANDARD = gnu11;
				GCC_NO_COMMON_BLOCKS = YES;
				GCC_WARN_64_TO_32_BIT_CONVERSION = YES;
				GCC_WARN_ABOUT_RETURN_TYPE = YES_ERROR;
				GCC_WARN_UNDECLARED_SELECTOR = YES;
				GCC_WARN_UNINITIALIZED_AUTOS = YES_AGGRESSIVE;
				GCC_WARN_UNUSED_FUNCTION = YES;
				GCC_WARN_UNUSED_VARIABLE = YES;
				IPHONEOS_DEPLOYMENT_TARGET = 14.5;
				MTL_ENABLE_DEBUG_INFO = NO;
				MTL_FAST_MATH = YES;
				SDKROOT = iphoneos;
				SWIFT_COMPILATION_MODE = wholemodule;
				SWIFT_OPTIMIZATION_LEVEL = "-O";
				VALIDATE_PRODUCT = YES;
			};
			name = Release;
		};
		AD87CDC226413D1100138478 /* Debug */ = {
			isa = XCBuildConfiguration;
			buildSettings = {
				ASSETCATALOG_COMPILER_APPICON_NAME = AppIcon;
				ASSETCATALOG_COMPILER_GLOBAL_ACCENT_COLOR_NAME = AccentColor;
				CODE_SIGN_STYLE = Automatic;
				DEVELOPMENT_ASSET_PATHS = "\"tarot/Preview Content\"";
				ENABLE_PREVIEWS = YES;
				INFOPLIST_FILE = tarot/Info.plist;
				IPHONEOS_DEPLOYMENT_TARGET = 14.0;
				LD_RUNPATH_SEARCH_PATHS = (
					"$(inherited)",
					"@executable_path/Frameworks",
				);
				PRODUCT_BUNDLE_IDENTIFIER = prepa.tarot;
				PRODUCT_NAME = "$(TARGET_NAME)";
				SWIFT_VERSION = 5.0;
				TARGETED_DEVICE_FAMILY = "1,2";
			};
			name = Debug;
		};
		AD87CDC326413D1100138478 /* Release */ = {
			isa = XCBuildConfiguration;
			buildSettings = {
				ASSETCATALOG_COMPILER_APPICON_NAME = AppIcon;
				ASSETCATALOG_COMPILER_GLOBAL_ACCENT_COLOR_NAME = AccentColor;
				CODE_SIGN_STYLE = Automatic;
				DEVELOPMENT_ASSET_PATHS = "\"tarot/Preview Content\"";
				ENABLE_PREVIEWS = YES;
				INFOPLIST_FILE = tarot/Info.plist;
				IPHONEOS_DEPLOYMENT_TARGET = 14.0;
				LD_RUNPATH_SEARCH_PATHS = (
					"$(inherited)",
					"@executable_path/Frameworks",
				);
				PRODUCT_BUNDLE_IDENTIFIER = prepa.tarot;
				PRODUCT_NAME = "$(TARGET_NAME)";
				SWIFT_VERSION = 5.0;
				TARGETED_DEVICE_FAMILY = "1,2";
			};
			name = Release;
		};
		AD87CDC526413D1100138478 /* Debug */ = {
			isa = XCBuildConfiguration;
			buildSettings = {
				ALWAYS_EMBED_SWIFT_STANDARD_LIBRARIES = YES;
				BUNDLE_LOADER = "$(TEST_HOST)";
				CODE_SIGN_STYLE = Automatic;
				INFOPLIST_FILE = tarotTests/Info.plist;
				IPHONEOS_DEPLOYMENT_TARGET = 14.0;
				LD_RUNPATH_SEARCH_PATHS = (
					"$(inherited)",
					"@executable_path/Frameworks",
					"@loader_path/Frameworks",
				);
				PRODUCT_BUNDLE_IDENTIFIER = prepa.tarotTests;
				PRODUCT_NAME = "$(TARGET_NAME)";
				SWIFT_VERSION = 5.0;
				TARGETED_DEVICE_FAMILY = "1,2";
				TEST_HOST = "$(BUILT_PRODUCTS_DIR)/tarot.app/tarot";
			};
			name = Debug;
		};
		AD87CDC626413D1100138478 /* Release */ = {
			isa = XCBuildConfiguration;
			buildSettings = {
				ALWAYS_EMBED_SWIFT_STANDARD_LIBRARIES = YES;
				BUNDLE_LOADER = "$(TEST_HOST)";
				CODE_SIGN_STYLE = Automatic;
				INFOPLIST_FILE = tarotTests/Info.plist;
				IPHONEOS_DEPLOYMENT_TARGET = 14.0;
				LD_RUNPATH_SEARCH_PATHS = (
					"$(inherited)",
					"@executable_path/Frameworks",
					"@loader_path/Frameworks",
				);
				PRODUCT_BUNDLE_IDENTIFIER = prepa.tarotTests;
				PRODUCT_NAME = "$(TARGET_NAME)";
				SWIFT_VERSION = 5.0;
				TARGETED_DEVICE_FAMILY = "1,2";
				TEST_HOST = "$(BUILT_PRODUCTS_DIR)/tarot.app/tarot";
			};
			name = Release;
		};
		AD87CDC826413D1100138478 /* Debug */ = {
			isa = XCBuildConfiguration;
			buildSettings = {
				ALWAYS_EMBED_SWIFT_STANDARD_LIBRARIES = YES;
				CODE_SIGN_STYLE = Automatic;
				INFOPLIST_FILE = tarotUITests/Info.plist;
				LD_RUNPATH_SEARCH_PATHS = (
					"$(inherited)",
					"@executable_path/Frameworks",
					"@loader_path/Frameworks",
				);
				PRODUCT_BUNDLE_IDENTIFIER = prepa.tarotUITests;
				PRODUCT_NAME = "$(TARGET_NAME)";
				SWIFT_VERSION = 5.0;
				TARGETED_DEVICE_FAMILY = "1,2";
				TEST_TARGET_NAME = tarot;
			};
			name = Debug;
		};
		AD87CDC926413D1100138478 /* Release */ = {
			isa = XCBuildConfiguration;
			buildSettings = {
				ALWAYS_EMBED_SWIFT_STANDARD_LIBRARIES = YES;
				CODE_SIGN_STYLE = Automatic;
				INFOPLIST_FILE = tarotUITests/Info.plist;
				LD_RUNPATH_SEARCH_PATHS = (
					"$(inherited)",
					"@executable_path/Frameworks",
					"@loader_path/Frameworks",
				);
				PRODUCT_BUNDLE_IDENTIFIER = prepa.tarotUITests;
				PRODUCT_NAME = "$(TARGET_NAME)";
				SWIFT_VERSION = 5.0;
				TARGETED_DEVICE_FAMILY = "1,2";
				TEST_TARGET_NAME = tarot;
			};
			name = Release;
		};
/* End XCBuildConfiguration section */

/* Begin XCConfigurationList section */
		AD87CD9726413D0900138478 /* Build configuration list for PBXProject "tarot" */ = {
			isa = XCConfigurationList;
			buildConfigurations = (
				AD87CDBF26413D1100138478 /* Debug */,
				AD87CDC026413D1100138478 /* Release */,
			);
			defaultConfigurationIsVisible = 0;
			defaultConfigurationName = Release;
		};
		AD87CDC126413D1100138478 /* Build configuration list for PBXNativeTarget "tarot" */ = {
			isa = XCConfigurationList;
			buildConfigurations = (
				AD87CDC226413D1100138478 /* Debug */,
				AD87CDC326413D1100138478 /* Release */,
			);
			defaultConfigurationIsVisible = 0;
			defaultConfigurationName = Release;
		};
		AD87CDC426413D1100138478 /* Build configuration list for PBXNativeTarget "tarotTests" */ = {
			isa = XCConfigurationList;
			buildConfigurations = (
				AD87CDC526413D1100138478 /* Debug */,
				AD87CDC626413D1100138478 /* Release */,
			);
			defaultConfigurationIsVisible = 0;
			defaultConfigurationName = Release;
		};
		AD87CDC726413D1100138478 /* Build configuration list for PBXNativeTarget "tarotUITests" */ = {
			isa = XCConfigurationList;
			buildConfigurations = (
				AD87CDC826413D1100138478 /* Debug */,
				AD87CDC926413D1100138478 /* Release */,
			);
			defaultConfigurationIsVisible = 0;
			defaultConfigurationName = Release;
		};
/* End XCConfigurationList section */
	};
	rootObject = AD87CD9426413D0900138478 /* Project object */;
}
